
Microsoft Visual Studio Solution File, Format Version 12.00
# Visual Studio 14
VisualStudioVersion = 14.0.25402.0
MinimumVisualStudioVersion = 10.0.40219.1
Project("{FAE04EC0-301F-11D3-BF4B-00C04F79EFBC}") = "AndroidSwitchActivities", "AndroidSwitchActivities.csproj", "{4EBDD95A-A207-4D02-85C6-F855ED9CE980}"
EndProject
Global
	GlobalSection(SolutionConfigurationPlatforms) = preSolution
		Debug|Any CPU = Debug|Any CPU
		Release|Any CPU = Release|Any CPU
	EndGlobalSection
	GlobalSection(ProjectConfigurationPlatforms) = postSolution
		{4EBDD95A-A207-4D02-85C6-F855ED9CE980}.Debug|Any CPU.ActiveCfg = Debug|Any CPU
		{4EBDD95A-A207-4D02-85C6-F855ED9CE980}.Debug|Any CPU.Build.0 = Debug|Any CPU
		{4EBDD95A-A207-4D02-85C6-F855ED9CE980}.Debug|Any CPU.Deploy.0 = Debug|Any CPU
		{4EBDD95A-A207-4D02-85C6-F855ED9CE980}.Release|Any CPU.ActiveCfg = Release|Any CPU
		{4EBDD95A-A207-4D02-85C6-F855ED9CE980}.Release|Any CPU.Build.0 = Release|Any CPU
		{4EBDD95A-A207-4D02-85C6-F855ED9CE980}.Release|Any CPU.Deploy.0 = Release|Any CPU
	EndGlobalSection
	GlobalSection(SolutionProperties) = preSolution
		HideSolutionNode = FALSE
	EndGlobalSection
EndGlobal
